
Microsoft Visual Studio Solution File, Format Version 12.00
# Visual Studio Version 17
VisualStudioVersion = 17.11.35303.130
MinimumVisualStudioVersion = 10.0.40219.1
Project("{9A19103F-16F7-4668-BE54-9A1E7A4F7556}") = "labwork1", "labwork1\labwork1.csproj", "{4C3BC63D-1F1A-46E7-8173-CFA139D147DC}"
EndProject
Project("{9A19103F-16F7-4668-BE54-9A1E7A4F7556}") = "TestLab1", "TestLab1\TestLab1.csproj", "{190E80BE-98B9-4813-9529-86F742774657}"
EndProject
Global
	GlobalSection(SolutionConfigurationPlatforms) = preSolution
		Debug|Any CPU = Debug|Any CPU
		Release|Any CPU = Release|Any CPU
	EndGlobalSection
	GlobalSection(ProjectConfigurationPlatforms) = postSolution
		{4C3BC63D-1F1A-46E7-8173-CFA139D147DC}.Debug|Any CPU.ActiveCfg = Debug|Any CPU
		{4C3BC63D-1F1A-46E7-8173-CFA139D147DC}.Debug|Any CPU.Build.0 = Debug|Any CPU
		{4C3BC63D-1F1A-46E7-8173-CFA139D147DC}.Release|Any CPU.ActiveCfg = Release|Any CPU
		{4C3BC63D-1F1A-46E7-8173-CFA139D147DC}.Release|Any CPU.Build.0 = Release|Any CPU
		{190E80BE-98B9-4813-9529-86F742774657}.Debug|Any CPU.ActiveCfg = Debug|Any CPU
		{190E80BE-98B9-4813-9529-86F742774657}.Debug|Any CPU.Build.0 = Debug|Any CPU
		{190E80BE-98B9-4813-9529-86F742774657}.Release|Any CPU.ActiveCfg = Release|Any CPU
		{190E80BE-98B9-4813-9529-86F742774657}.Release|Any CPU.Build.0 = Release|Any CPU
	EndGlobalSection
	GlobalSection(SolutionProperties) = preSolution
		HideSolutionNode = FALSE
	EndGlobalSection
	GlobalSection(ExtensibilityGlobals) = postSolution
		SolutionGuid = {FE50D414-4867-4463-BB64-13CD75A63356}
	EndGlobalSection
EndGlobal
